
Microsoft Visual Studio Solution File, Format Version 12.00
# Visual Studio 14
VisualStudioVersion = 14.0.25123.0
MinimumVisualStudioVersion = 10.0.40219.1
Project("{FAE04EC0-301F-11D3-BF4B-00C04F79EFBC}") = "Web", "Web\Web.csproj", "{A267BAFC-9FFC-4C07-B69D-F19D5B4FF582}"
EndProject
Project("{F088123C-0E9E-452A-89E6-6BA2F21D5CAC}") = "Domain", "Domain\Domain.modelproj", "{068FF387-01EF-4C33-A8A9-E93D3F34E539}"
EndProject
Project("{FAE04EC0-301F-11D3-BF4B-00C04F79EFBC}") = "DomainLib", "DomainLib\DomainLib.csproj", "{A665D6D6-98E9-4BE1-8A4E-5FDF5C4716BD}"
EndProject
Project("{FAE04EC0-301F-11D3-BF4B-00C04F79EFBC}") = "AppLayer", "AppLayer\AppLayer.csproj", "{F9A64BC9-A489-4E27-AA0A-39BF41DF49F5}"
EndProject
Project("{2150E333-8FDC-42A3-9474-1A3956D46DE8}") = "IntegrationPoints", "IntegrationPoints", "{84ED30BE-4C9A-413D-BEFA-3685F2B2C113}"
EndProject
Project("{FAE04EC0-301F-11D3-BF4B-00C04F79EFBC}") = "Headquarter.WebApi", "Headquarter.WebApi\Headquarter.WebApi.csproj", "{C1FA52A0-2B6D-4261-B067-80B5FC79115D}"
EndProject
Project("{2150E333-8FDC-42A3-9474-1A3956D46DE8}") = "MessageBusLayer", "MessageBusLayer", "{C9F37BE2-212B-4587-9238-8083E74A5250}"
EndProject
Project("{FAE04EC0-301F-11D3-BF4B-00C04F79EFBC}") = "PublisherService", "PublisherService\PublisherService.csproj", "{3CE2761D-4079-4CC6-93EF-013E169C2EA8}"
EndProject
Project("{FAE04EC0-301F-11D3-BF4B-00C04F79EFBC}") = "PublisherService.Interfaces", "PublisherService.Interfaces\PublisherService.Interfaces.csproj", "{04C7E73D-4E9C-4EF1-A6CD-74A9CA03C547}"
EndProject
Project("{2150E333-8FDC-42A3-9474-1A3956D46DE8}") = "Messages", "Messages", "{711752B0-66B8-496E-8CD5-B07FEACBD91F}"
EndProject
Project("{FAE04EC0-301F-11D3-BF4B-00C04F79EFBC}") = "Messages", "..\..\..\work\Messages\Messages\Messages\Messages.csproj", "{A21B630A-DF87-4C02-9F31-A7F27E37A899}"
EndProject
Global
	GlobalSection(SolutionConfigurationPlatforms) = preSolution
		Debug|Any CPU = Debug|Any CPU
		Release|Any CPU = Release|Any CPU
	EndGlobalSection
	GlobalSection(ProjectConfigurationPlatforms) = postSolution
		{A267BAFC-9FFC-4C07-B69D-F19D5B4FF582}.Debug|Any CPU.ActiveCfg = Debug|Any CPU
		{A267BAFC-9FFC-4C07-B69D-F19D5B4FF582}.Debug|Any CPU.Build.0 = Debug|Any CPU
		{A267BAFC-9FFC-4C07-B69D-F19D5B4FF582}.Release|Any CPU.ActiveCfg = Release|Any CPU
		{A267BAFC-9FFC-4C07-B69D-F19D5B4FF582}.Release|Any CPU.Build.0 = Release|Any CPU
		{068FF387-01EF-4C33-A8A9-E93D3F34E539}.Debug|Any CPU.ActiveCfg = Debug|Any CPU
		{068FF387-01EF-4C33-A8A9-E93D3F34E539}.Debug|Any CPU.Build.0 = Debug|Any CPU
		{068FF387-01EF-4C33-A8A9-E93D3F34E539}.Release|Any CPU.ActiveCfg = Release|Any CPU
		{068FF387-01EF-4C33-A8A9-E93D3F34E539}.Release|Any CPU.Build.0 = Release|Any CPU
		{A665D6D6-98E9-4BE1-8A4E-5FDF5C4716BD}.Debug|Any CPU.ActiveCfg = Debug|Any CPU
		{A665D6D6-98E9-4BE1-8A4E-5FDF5C4716BD}.Debug|Any CPU.Build.0 = Debug|Any CPU
		{A665D6D6-98E9-4BE1-8A4E-5FDF5C4716BD}.Release|Any CPU.ActiveCfg = Release|Any CPU
		{A665D6D6-98E9-4BE1-8A4E-5FDF5C4716BD}.Release|Any CPU.Build.0 = Release|Any CPU
		{F9A64BC9-A489-4E27-AA0A-39BF41DF49F5}.Debug|Any CPU.ActiveCfg = Debug|Any CPU
		{F9A64BC9-A489-4E27-AA0A-39BF41DF49F5}.Debug|Any CPU.Build.0 = Debug|Any CPU
		{F9A64BC9-A489-4E27-AA0A-39BF41DF49F5}.Release|Any CPU.ActiveCfg = Release|Any CPU
		{F9A64BC9-A489-4E27-AA0A-39BF41DF49F5}.Release|Any CPU.Build.0 = Release|Any CPU
		{C1FA52A0-2B6D-4261-B067-80B5FC79115D}.Debug|Any CPU.ActiveCfg = Debug|Any CPU
		{C1FA52A0-2B6D-4261-B067-80B5FC79115D}.Debug|Any CPU.Build.0 = Debug|Any CPU
		{C1FA52A0-2B6D-4261-B067-80B5FC79115D}.Release|Any CPU.ActiveCfg = Release|Any CPU
		{C1FA52A0-2B6D-4261-B067-80B5FC79115D}.Release|Any CPU.Build.0 = Release|Any CPU
		{3CE2761D-4079-4CC6-93EF-013E169C2EA8}.Debug|Any CPU.ActiveCfg = Debug|Any CPU
		{3CE2761D-4079-4CC6-93EF-013E169C2EA8}.Debug|Any CPU.Build.0 = Debug|Any CPU
		{3CE2761D-4079-4CC6-93EF-013E169C2EA8}.Release|Any CPU.ActiveCfg = Release|Any CPU
		{3CE2761D-4079-4CC6-93EF-013E169C2EA8}.Release|Any CPU.Build.0 = Release|Any CPU
		{04C7E73D-4E9C-4EF1-A6CD-74A9CA03C547}.Debug|Any CPU.ActiveCfg = Debug|Any CPU
		{04C7E73D-4E9C-4EF1-A6CD-74A9CA03C547}.Debug|Any CPU.Build.0 = Debug|Any CPU
		{04C7E73D-4E9C-4EF1-A6CD-74A9CA03C547}.Release|Any CPU.ActiveCfg = Release|Any CPU
		{04C7E73D-4E9C-4EF1-A6CD-74A9CA03C547}.Release|Any CPU.Build.0 = Release|Any CPU
		{A21B630A-DF87-4C02-9F31-A7F27E37A899}.Debug|Any CPU.ActiveCfg = Debug|Any CPU
		{A21B630A-DF87-4C02-9F31-A7F27E37A899}.Debug|Any CPU.Build.0 = Debug|Any CPU
		{A21B630A-DF87-4C02-9F31-A7F27E37A899}.Release|Any CPU.ActiveCfg = Release|Any CPU
		{A21B630A-DF87-4C02-9F31-A7F27E37A899}.Release|Any CPU.Build.0 = Release|Any CPU
	EndGlobalSection
	GlobalSection(SolutionProperties) = preSolution
		HideSolutionNode = FALSE
	EndGlobalSection
	GlobalSection(NestedProjects) = preSolution
		{C1FA52A0-2B6D-4261-B067-80B5FC79115D} = {84ED30BE-4C9A-413D-BEFA-3685F2B2C113}
		{3CE2761D-4079-4CC6-93EF-013E169C2EA8} = {C9F37BE2-212B-4587-9238-8083E74A5250}
		{04C7E73D-4E9C-4EF1-A6CD-74A9CA03C547} = {C9F37BE2-212B-4587-9238-8083E74A5250}
		{A21B630A-DF87-4C02-9F31-A7F27E37A899} = {711752B0-66B8-496E-8CD5-B07FEACBD91F}
	EndGlobalSection
EndGlobal
